
Microsoft Visual Studio Solution File, Format Version 12.00
# Visual Studio 15
Project("{FAE04EC0-301F-11D3-BF4B-00C04F79EFBC}") = "Assembly-CSharp", "Assembly-CSharp.csproj", "{9BB7C56A-FC7E-8B70-11CA-E733560F581E}"
EndProject
Project("{FAE04EC0-301F-11D3-BF4B-00C04F79EFBC}") = "Assembly-CSharp-Editor", "Assembly-CSharp-Editor.csproj", "{3AC56F2D-F580-359C-F576-D4D85981CD20}"
EndProject
Global
	GlobalSection(SolutionConfigurationPlatforms) = preSolution
		Debug|Any CPU = Debug|Any CPU
		Release|Any CPU = Release|Any CPU
	EndGlobalSection
	GlobalSection(ProjectConfigurationPlatforms) = postSolution
		{9BB7C56A-FC7E-8B70-11CA-E733560F581E}.Debug|Any CPU.ActiveCfg = Debug|Any CPU
		{9BB7C56A-FC7E-8B70-11CA-E733560F581E}.Debug|Any CPU.Build.0 = Debug|Any CPU
		{9BB7C56A-FC7E-8B70-11CA-E733560F581E}.Release|Any CPU.ActiveCfg = Release|Any CPU
		{9BB7C56A-FC7E-8B70-11CA-E733560F581E}.Release|Any CPU.Build.0 = Release|Any CPU
		{3AC56F2D-F580-359C-F576-D4D85981CD20}.Debug|Any CPU.ActiveCfg = Debug|Any CPU
		{3AC56F2D-F580-359C-F576-D4D85981CD20}.Debug|Any CPU.Build.0 = Debug|Any CPU
		{3AC56F2D-F580-359C-F576-D4D85981CD20}.Release|Any CPU.ActiveCfg = Release|Any CPU
		{3AC56F2D-F580-359C-F576-D4D85981CD20}.Release|Any CPU.Build.0 = Release|Any CPU
	EndGlobalSection
	GlobalSection(SolutionProperties) = preSolution
		HideSolutionNode = FALSE
	EndGlobalSection
EndGlobal
